
Microsoft Visual Studio Solution File, Format Version 12.00
# Visual Studio Version 16
VisualStudioVersion = 16.0.30330.147
MinimumVisualStudioVersion = 10.0.40219.1
Project("{FAE04EC0-301F-11D3-BF4B-00C04F79EFBC}") = "MySimpleNotes", "MySimpleNotes.csproj", "{B3D076D9-0768-4EFC-AD31-084D5A1B6870}"
EndProject
Global
	GlobalSection(SolutionConfigurationPlatforms) = preSolution
		Debug|Any CPU = Debug|Any CPU
		Release|Any CPU = Release|Any CPU
	EndGlobalSection
	GlobalSection(ProjectConfigurationPlatforms) = postSolution
		{B3D076D9-0768-4EFC-AD31-084D5A1B6870}.Debug|Any CPU.ActiveCfg = Debug|Any CPU
		{B3D076D9-0768-4EFC-AD31-084D5A1B6870}.Debug|Any CPU.Build.0 = Debug|Any CPU
		{B3D076D9-0768-4EFC-AD31-084D5A1B6870}.Release|Any CPU.ActiveCfg = Release|Any CPU
		{B3D076D9-0768-4EFC-AD31-084D5A1B6870}.Release|Any CPU.Build.0 = Release|Any CPU
	EndGlobalSection
	GlobalSection(SolutionProperties) = preSolution
		HideSolutionNode = FALSE
	EndGlobalSection
	GlobalSection(ExtensibilityGlobals) = postSolution
		SolutionGuid = {C8AEE376-2592-4E60-B85E-04FD7C2E8091}
	EndGlobalSection
EndGlobal
